
Microsoft Visual Studio Solution File, Format Version 12.00
# Visual Studio Version 17
VisualStudioVersion = 17.8.34316.72
MinimumVisualStudioVersion = 10.0.40219.1
Project("{FAE04EC0-301F-11D3-BF4B-00C04F79EFBC}") = "Coin Flip Guesser", "Coin Flip Guesser\Coin Flip Guesser.csproj", "{2A3AEC36-CF78-4D3A-A842-8890E2ED7197}"
EndProject
Global
	GlobalSection(SolutionConfigurationPlatforms) = preSolution
		Debug|Any CPU = Debug|Any CPU
		Release|Any CPU = Release|Any CPU
	EndGlobalSection
	GlobalSection(ProjectConfigurationPlatforms) = postSolution
		{2A3AEC36-CF78-4D3A-A842-8890E2ED7197}.Debug|Any CPU.ActiveCfg = Debug|Any CPU
		{2A3AEC36-CF78-4D3A-A842-8890E2ED7197}.Debug|Any CPU.Build.0 = Debug|Any CPU
		{2A3AEC36-CF78-4D3A-A842-8890E2ED7197}.Release|Any CPU.ActiveCfg = Release|Any CPU
		{2A3AEC36-CF78-4D3A-A842-8890E2ED7197}.Release|Any CPU.Build.0 = Release|Any CPU
	EndGlobalSection
	GlobalSection(SolutionProperties) = preSolution
		HideSolutionNode = FALSE
	EndGlobalSection
	GlobalSection(ExtensibilityGlobals) = postSolution
		SolutionGuid = {2574CD1F-E2B4-4604-AF31-EE78B0F67CFC}
	EndGlobalSection
EndGlobal
